
Microsoft Visual Studio Solution File, Format Version 11.00
# Visual Studio 2010
Project("{EDCC3B85-0BAD-11DB-BC1A-00112FDE8B61}") = "Nemerle-Lunch", "nemerle-lunch\Nemerle-Lunch.nproj", "{987441CB-2A3F-48AF-9E41-EB268EFD7742}"
EndProject
Project("{EDCC3B85-0BAD-11DB-BC1A-00112FDE8B61}") = "MacroLib", "MacroLib\MacroLib.nproj", "{F1652DB6-C973-4DB2-AA10-C19AFFFE4D53}"
EndProject
Project("{FAE04EC0-301F-11D3-BF4B-00C04F79EFBC}") = "ContrivedHl7", "ContrivedHl7\ContrivedHl7.csproj", "{B2B2C158-5588-4F29-AEAE-70733D09ED39}"
EndProject
Project("{FAE04EC0-301F-11D3-BF4B-00C04F79EFBC}") = "CubeCSharp", "CubeCSharp\CubeCSharp.csproj", "{D0041CCD-7B42-4FBE-9521-207BE96574F2}"
EndProject
Global
	GlobalSection(SolutionConfigurationPlatforms) = preSolution
		Debug|Any CPU = Debug|Any CPU
		Debug|Mixed Platforms = Debug|Mixed Platforms
		Debug|x86 = Debug|x86
		Release|Any CPU = Release|Any CPU
		Release|Mixed Platforms = Release|Mixed Platforms
		Release|x86 = Release|x86
	EndGlobalSection
	GlobalSection(ProjectConfigurationPlatforms) = postSolution
		{987441CB-2A3F-48AF-9E41-EB268EFD7742}.Debug|Any CPU.ActiveCfg = Debug|Any CPU
		{987441CB-2A3F-48AF-9E41-EB268EFD7742}.Debug|Any CPU.Build.0 = Debug|Any CPU
		{987441CB-2A3F-48AF-9E41-EB268EFD7742}.Debug|Mixed Platforms.ActiveCfg = Debug|Any CPU
		{987441CB-2A3F-48AF-9E41-EB268EFD7742}.Debug|Mixed Platforms.Build.0 = Debug|Any CPU
		{987441CB-2A3F-48AF-9E41-EB268EFD7742}.Debug|x86.ActiveCfg = Debug|Any CPU
		{987441CB-2A3F-48AF-9E41-EB268EFD7742}.Release|Any CPU.ActiveCfg = Release|Any CPU
		{987441CB-2A3F-48AF-9E41-EB268EFD7742}.Release|Any CPU.Build.0 = Release|Any CPU
		{987441CB-2A3F-48AF-9E41-EB268EFD7742}.Release|Mixed Platforms.ActiveCfg = Release|Any CPU
		{987441CB-2A3F-48AF-9E41-EB268EFD7742}.Release|Mixed Platforms.Build.0 = Release|Any CPU
		{987441CB-2A3F-48AF-9E41-EB268EFD7742}.Release|x86.ActiveCfg = Release|Any CPU
		{F1652DB6-C973-4DB2-AA10-C19AFFFE4D53}.Debug|Any CPU.ActiveCfg = Debug|Any CPU
		{F1652DB6-C973-4DB2-AA10-C19AFFFE4D53}.Debug|Any CPU.Build.0 = Debug|Any CPU
		{F1652DB6-C973-4DB2-AA10-C19AFFFE4D53}.Debug|Mixed Platforms.ActiveCfg = Debug|Any CPU
		{F1652DB6-C973-4DB2-AA10-C19AFFFE4D53}.Debug|Mixed Platforms.Build.0 = Debug|Any CPU
		{F1652DB6-C973-4DB2-AA10-C19AFFFE4D53}.Debug|x86.ActiveCfg = Debug|Any CPU
		{F1652DB6-C973-4DB2-AA10-C19AFFFE4D53}.Release|Any CPU.ActiveCfg = Release|Any CPU
		{F1652DB6-C973-4DB2-AA10-C19AFFFE4D53}.Release|Any CPU.Build.0 = Release|Any CPU
		{F1652DB6-C973-4DB2-AA10-C19AFFFE4D53}.Release|Mixed Platforms.ActiveCfg = Release|Any CPU
		{F1652DB6-C973-4DB2-AA10-C19AFFFE4D53}.Release|Mixed Platforms.Build.0 = Release|Any CPU
		{F1652DB6-C973-4DB2-AA10-C19AFFFE4D53}.Release|x86.ActiveCfg = Release|Any CPU
		{B2B2C158-5588-4F29-AEAE-70733D09ED39}.Debug|Any CPU.ActiveCfg = Debug|Any CPU
		{B2B2C158-5588-4F29-AEAE-70733D09ED39}.Debug|Any CPU.Build.0 = Debug|Any CPU
		{B2B2C158-5588-4F29-AEAE-70733D09ED39}.Debug|Mixed Platforms.ActiveCfg = Debug|Any CPU
		{B2B2C158-5588-4F29-AEAE-70733D09ED39}.Debug|Mixed Platforms.Build.0 = Debug|Any CPU
		{B2B2C158-5588-4F29-AEAE-70733D09ED39}.Debug|x86.ActiveCfg = Debug|Any CPU
		{B2B2C158-5588-4F29-AEAE-70733D09ED39}.Release|Any CPU.ActiveCfg = Release|Any CPU
		{B2B2C158-5588-4F29-AEAE-70733D09ED39}.Release|Any CPU.Build.0 = Release|Any CPU
		{B2B2C158-5588-4F29-AEAE-70733D09ED39}.Release|Mixed Platforms.ActiveCfg = Release|Any CPU
		{B2B2C158-5588-4F29-AEAE-70733D09ED39}.Release|Mixed Platforms.Build.0 = Release|Any CPU
		{B2B2C158-5588-4F29-AEAE-70733D09ED39}.Release|x86.ActiveCfg = Release|Any CPU
		{D0041CCD-7B42-4FBE-9521-207BE96574F2}.Debug|Any CPU.ActiveCfg = Debug|Any CPU
		{D0041CCD-7B42-4FBE-9521-207BE96574F2}.Debug|Any CPU.Build.0 = Debug|Any CPU
		{D0041CCD-7B42-4FBE-9521-207BE96574F2}.Debug|Mixed Platforms.ActiveCfg = Debug|Any CPU
		{D0041CCD-7B42-4FBE-9521-207BE96574F2}.Debug|Mixed Platforms.Build.0 = Debug|Any CPU
		{D0041CCD-7B42-4FBE-9521-207BE96574F2}.Debug|x86.ActiveCfg = Debug|Any CPU
		{D0041CCD-7B42-4FBE-9521-207BE96574F2}.Release|Any CPU.ActiveCfg = Release|Any CPU
		{D0041CCD-7B42-4FBE-9521-207BE96574F2}.Release|Any CPU.Build.0 = Release|Any CPU
		{D0041CCD-7B42-4FBE-9521-207BE96574F2}.Release|Mixed Platforms.ActiveCfg = Release|Any CPU
		{D0041CCD-7B42-4FBE-9521-207BE96574F2}.Release|Mixed Platforms.Build.0 = Release|Any CPU
		{D0041CCD-7B42-4FBE-9521-207BE96574F2}.Release|x86.ActiveCfg = Release|Any CPU
	EndGlobalSection
	GlobalSection(SolutionProperties) = preSolution
		HideSolutionNode = FALSE
	EndGlobalSection
EndGlobal
