
Microsoft Visual Studio Solution File, Format Version 11.00
# Visual Studio 2010
Project("{EDCC3B85-0BAD-11DB-BC1A-00112FDE8B61}") = "Nemerle-Lunch", "Nemerle-Lunch.nproj", "{987441CB-2A3F-48AF-9E41-EB268EFD7742}"
EndProject
Project("{FAE04EC0-301F-11D3-BF4B-00C04F79EFBC}") = "CSharp", "..\CSharp\CSharp.csproj", "{D226B774-BDEE-4778-959C-E99B570A1F7B}"
EndProject
Global
	GlobalSection(SolutionConfigurationPlatforms) = preSolution
		Debug|Any CPU = Debug|Any CPU
		Debug|Mixed Platforms = Debug|Mixed Platforms
		Debug|x86 = Debug|x86
		Release|Any CPU = Release|Any CPU
		Release|Mixed Platforms = Release|Mixed Platforms
		Release|x86 = Release|x86
	EndGlobalSection
	GlobalSection(ProjectConfigurationPlatforms) = postSolution
		{987441CB-2A3F-48AF-9E41-EB268EFD7742}.Debug|Any CPU.ActiveCfg = Debug|Any CPU
		{987441CB-2A3F-48AF-9E41-EB268EFD7742}.Debug|Any CPU.Build.0 = Debug|Any CPU
		{987441CB-2A3F-48AF-9E41-EB268EFD7742}.Debug|Mixed Platforms.ActiveCfg = Debug|Any CPU
		{987441CB-2A3F-48AF-9E41-EB268EFD7742}.Debug|Mixed Platforms.Build.0 = Debug|Any CPU
		{987441CB-2A3F-48AF-9E41-EB268EFD7742}.Debug|x86.ActiveCfg = Debug|Any CPU
		{987441CB-2A3F-48AF-9E41-EB268EFD7742}.Release|Any CPU.ActiveCfg = Release|Any CPU
		{987441CB-2A3F-48AF-9E41-EB268EFD7742}.Release|Any CPU.Build.0 = Release|Any CPU
		{987441CB-2A3F-48AF-9E41-EB268EFD7742}.Release|Mixed Platforms.ActiveCfg = Release|Any CPU
		{987441CB-2A3F-48AF-9E41-EB268EFD7742}.Release|Mixed Platforms.Build.0 = Release|Any CPU
		{987441CB-2A3F-48AF-9E41-EB268EFD7742}.Release|x86.ActiveCfg = Release|Any CPU
		{D226B774-BDEE-4778-959C-E99B570A1F7B}.Debug|Any CPU.ActiveCfg = Debug|x86
		{D226B774-BDEE-4778-959C-E99B570A1F7B}.Debug|Mixed Platforms.ActiveCfg = Debug|x86
		{D226B774-BDEE-4778-959C-E99B570A1F7B}.Debug|Mixed Platforms.Build.0 = Debug|x86
		{D226B774-BDEE-4778-959C-E99B570A1F7B}.Debug|x86.ActiveCfg = Debug|x86
		{D226B774-BDEE-4778-959C-E99B570A1F7B}.Debug|x86.Build.0 = Debug|x86
		{D226B774-BDEE-4778-959C-E99B570A1F7B}.Release|Any CPU.ActiveCfg = Release|x86
		{D226B774-BDEE-4778-959C-E99B570A1F7B}.Release|Mixed Platforms.ActiveCfg = Release|x86
		{D226B774-BDEE-4778-959C-E99B570A1F7B}.Release|Mixed Platforms.Build.0 = Release|x86
		{D226B774-BDEE-4778-959C-E99B570A1F7B}.Release|x86.ActiveCfg = Release|x86
		{D226B774-BDEE-4778-959C-E99B570A1F7B}.Release|x86.Build.0 = Release|x86
	EndGlobalSection
	GlobalSection(SolutionProperties) = preSolution
		HideSolutionNode = FALSE
	EndGlobalSection
EndGlobal
